// !$*UTF8*$!
{
	archiveVersion = 1;
	classes = {
	};
	objectVersion = 56;
	objects = {

/* Begin PBXBuildFile section */
		6502ED7C2A8B90720098B7DD /* SalesByWeekdayHeaderView.swift in Sources */ = {isa = PBXBuildFile; fileRef = 6502ED7B2A8B90720098B7DD /* SalesByWeekdayHeaderView.swift */; };
		6502ED7E2A8BA37E0098B7DD /* SalesPerBookCategoryPieChartView.swift in Sources */ = {isa = PBXBuildFile; fileRef = 6502ED7D2A8BA37E0098B7DD /* SalesPerBookCategoryPieChartView.swift */; };
		6502ED802A8BA3A10098B7DD /* SalesPerBookCategoryBarChartView.swift in Sources */ = {isa = PBXBuildFile; fileRef = 6502ED7F2A8BA3A10098B7DD /* SalesPerBookCategoryBarChartView.swift */; };
		6502ED822A8BA3BE0098B7DD /* SalesPerBookCategoryView.swift in Sources */ = {isa = PBXBuildFile; fileRef = 6502ED812A8BA3BE0098B7DD /* SalesPerBookCategoryView.swift */; };
		6502ED842A8BA3DF0098B7DD /* SimpleSalesPerBookCategoryView.swift in Sources */ = {isa = PBXBuildFile; fileRef = 6502ED832A8BA3DF0098B7DD /* SimpleSalesPerBookCategoryView.swift */; };
		6502ED862A8BA5E10098B7DD /* SalesPerBookCategoryHeaderView.swift in Sources */ = {isa = PBXBuildFile; fileRef = 6502ED852A8BA5E10098B7DD /* SalesPerBookCategoryHeaderView.swift */; };
		6502ED882A8BC5260098B7DD /* ExpensesViewModel.swift in Sources */ = {isa = PBXBuildFile; fileRef = 6502ED872A8BC5260098B7DD /* ExpensesViewModel.swift */; };
		6502ED8A2A8BD5D00098B7DD /* DetailExpensesView.swift in Sources */ = {isa = PBXBuildFile; fileRef = 6502ED892A8BD5D00098B7DD /* DetailExpensesView.swift */; };
		6502ED8C2A8BD5EA0098B7DD /* ExpensesBarChartView.swift in Sources */ = {isa = PBXBuildFile; fileRef = 6502ED8B2A8BD5EA0098B7DD /* ExpensesBarChartView.swift */; };
		6502ED8E2A8BD6020098B7DD /* ExpensesDetailGridView.swift in Sources */ = {isa = PBXBuildFile; fileRef = 6502ED8D2A8BD6020098B7DD /* ExpensesDetailGridView.swift */; };
		6502ED902A8BD6160098B7DD /* ExpensesLineChartView.swift in Sources */ = {isa = PBXBuildFile; fileRef = 6502ED8F2A8BD6160098B7DD /* ExpensesLineChartView.swift */; };
		6502ED922A8BD6310098B7DD /* SimpleExpensesLineChartView.swift in Sources */ = {isa = PBXBuildFile; fileRef = 6502ED912A8BD6310098B7DD /* SimpleExpensesLineChartView.swift */; };
		6536DB642A87A91400B4E0F7 /* BookStoreStrategistApp.swift in Sources */ = {isa = PBXBuildFile; fileRef = 6536DB632A87A91400B4E0F7 /* BookStoreStrategistApp.swift */; };
		6536DB662A87A91400B4E0F7 /* ContentView.swift in Sources */ = {isa = PBXBuildFile; fileRef = 6536DB652A87A91400B4E0F7 /* ContentView.swift */; };
		6536DB682A87A91800B4E0F7 /* Assets.xcassets in Resources */ = {isa = PBXBuildFile; fileRef = 6536DB672A87A91800B4E0F7 /* Assets.xcassets */; };
		6536DB6B2A87A91800B4E0F7 /* Preview Assets.xcassets in Resources */ = {isa = PBXBuildFile; fileRef = 6536DB6A2A87A91800B4E0F7 /* Preview Assets.xcassets */; };
		6536DB732A87A94000B4E0F7 /* BookCategory.swift in Sources */ = {isa = PBXBuildFile; fileRef = 6536DB722A87A94000B4E0F7 /* BookCategory.swift */; };
		6536DB752A87AA2200B4E0F7 /* Author.swift in Sources */ = {isa = PBXBuildFile; fileRef = 6536DB742A87AA2200B4E0F7 /* Author.swift */; };
		6536DB772A8A4F4700B4E0F7 /* Book.swift in Sources */ = {isa = PBXBuildFile; fileRef = 6536DB762A8A4F4700B4E0F7 /* Book.swift */; };
		6536DB792A8A50F900B4E0F7 /* Sale.swift in Sources */ = {isa = PBXBuildFile; fileRef = 6536DB782A8A50F900B4E0F7 /* Sale.swift */; };
		6536DB7B2A8A548F00B4E0F7 /* Expense.swift in Sources */ = {isa = PBXBuildFile; fileRef = 6536DB7A2A8A548F00B4E0F7 /* Expense.swift */; };
		6536DB7E2A8A596000B4E0F7 /* SalesViewModel.swift in Sources */ = {isa = PBXBuildFile; fileRef = 6536DB7D2A8A596000B4E0F7 /* SalesViewModel.swift */; };
		6536DB852A8A60F800B4E0F7 /* DailySalesChartView.swift in Sources */ = {isa = PBXBuildFile; fileRef = 6536DB842A8A60F800B4E0F7 /* DailySalesChartView.swift */; };
		6536DB872A8A610D00B4E0F7 /* WeeklySalesChartView.swift in Sources */ = {isa = PBXBuildFile; fileRef = 6536DB862A8A610D00B4E0F7 /* WeeklySalesChartView.swift */; };
		6536DB892A8A611E00B4E0F7 /* MonthlyChartView.swift in Sources */ = {isa = PBXBuildFile; fileRef = 6536DB882A8A611E00B4E0F7 /* MonthlyChartView.swift */; };
		6536DB8B2A8A65F700B4E0F7 /* SimpleBookSalesView.swift in Sources */ = {isa = PBXBuildFile; fileRef = 6536DB8A2A8A65F700B4E0F7 /* SimpleBookSalesView.swift */; };
		6536DB8D2A8A6D6D00B4E0F7 /* DetailBookSalesView.swift in Sources */ = {isa = PBXBuildFile; fileRef = 6536DB8C2A8A6D6D00B4E0F7 /* DetailBookSalesView.swift */; };
		65D267E92A8A9B4F00884EC2 /* SalesByWeekDayView.swift in Sources */ = {isa = PBXBuildFile; fileRef = 65D267E82A8A9B4F00884EC2 /* SalesByWeekDayView.swift */; };
		65D267EB2A8A9B7100884EC2 /* SimpleSalesByWeekDayView.swift in Sources */ = {isa = PBXBuildFile; fileRef = 65D267EA2A8A9B7100884EC2 /* SimpleSalesByWeekDayView.swift */; };
/* End PBXBuildFile section */

/* Begin PBXFileReference section */
		6502ED7B2A8B90720098B7DD /* SalesByWeekdayHeaderView.swift */ = {isa = PBXFileReference; lastKnownFileType = sourcecode.swift; path = SalesByWeekdayHeaderView.swift; sourceTree = "<group>"; };
		6502ED7D2A8BA37E0098B7DD /* SalesPerBookCategoryPieChartView.swift */ = {isa = PBXFileReference; lastKnownFileType = sourcecode.swift; path = SalesPerBookCategoryPieChartView.swift; sourceTree = "<group>"; };
		6502ED7F2A8BA3A10098B7DD /* SalesPerBookCategoryBarChartView.swift */ = {isa = PBXFileReference; lastKnownFileType = sourcecode.swift; path = SalesPerBookCategoryBarChartView.swift; sourceTree = "<group>"; };
		6502ED812A8BA3BE0098B7DD /* SalesPerBookCategoryView.swift */ = {isa = PBXFileReference; lastKnownFileType = sourcecode.swift; path = SalesPerBookCategoryView.swift; sourceTree = "<group>"; };
		6502ED832A8BA3DF0098B7DD /* SimpleSalesPerBookCategoryView.swift */ = {isa = PBXFileReference; lastKnownFileType = sourcecode.swift; path = SimpleSalesPerBookCategoryView.swift; sourceTree = "<group>"; };
		6502ED852A8BA5E10098B7DD /* SalesPerBookCategoryHeaderView.swift */ = {isa = PBXFileReference; lastKnownFileType = sourcecode.swift; path = SalesPerBookCategoryHeaderView.swift; sourceTree = "<group>"; };
		6502ED872A8BC5260098B7DD /* ExpensesViewModel.swift */ = {isa = PBXFileReference; lastKnownFileType = sourcecode.swift; path = ExpensesViewModel.swift; sourceTree = "<group>"; };
		6502ED892A8BD5D00098B7DD /* DetailExpensesView.swift */ = {isa = PBXFileReference; lastKnownFileType = sourcecode.swift; path = DetailExpensesView.swift; sourceTree = "<group>"; };
		6502ED8B2A8BD5EA0098B7DD /* ExpensesBarChartView.swift */ = {isa = PBXFileReference; lastKnownFileType = sourcecode.swift; path = ExpensesBarChartView.swift; sourceTree = "<group>"; };
		6502ED8D2A8BD6020098B7DD /* ExpensesDetailGridView.swift */ = {isa = PBXFileReference; lastKnownFileType = sourcecode.swift; path = ExpensesDetailGridView.swift; sourceTree = "<group>"; };
		6502ED8F2A8BD6160098B7DD /* ExpensesLineChartView.swift */ = {isa = PBXFileReference; lastKnownFileType = sourcecode.swift; path = ExpensesLineChartView.swift; sourceTree = "<group>"; };
		6502ED912A8BD6310098B7DD /* SimpleExpensesLineChartView.swift */ = {isa = PBXFileReference; lastKnownFileType = sourcecode.swift; path = SimpleExpensesLineChartView.swift; sourceTree = "<group>"; };
		6536DB602A87A91400B4E0F7 /* BookStoreStrategist.app */ = {isa = PBXFileReference; explicitFileType = wrapper.application; includeInIndex = 0; path = BookStoreStrategist.app; sourceTree = BUILT_PRODUCTS_DIR; };
		6536DB632A87A91400B4E0F7 /* BookStoreStrategistApp.swift */ = {isa = PBXFileReference; lastKnownFileType = sourcecode.swift; path = BookStoreStrategistApp.swift; sourceTree = "<group>"; };
		6536DB652A87A91400B4E0F7 /* ContentView.swift */ = {isa = PBXFileReference; lastKnownFileType = sourcecode.swift; path = ContentView.swift; sourceTree = "<group>"; };
		6536DB672A87A91800B4E0F7 /* Assets.xcassets */ = {isa = PBXFileReference; lastKnownFileType = folder.assetcatalog; path = Assets.xcassets; sourceTree = "<group>"; };
		6536DB6A2A87A91800B4E0F7 /* Preview Assets.xcassets */ = {isa = PBXFileReference; lastKnownFileType = folder.assetcatalog; path = "Preview Assets.xcassets"; sourceTree = "<group>"; };
		6536DB722A87A94000B4E0F7 /* BookCategory.swift */ = {isa = PBXFileReference; lastKnownFileType = sourcecode.swift; path = BookCategory.swift; sourceTree = "<group>"; };
		6536DB742A87AA2200B4E0F7 /* Author.swift */ = {isa = PBXFileReference; lastKnownFileType = sourcecode.swift; path = Author.swift; sourceTree = "<group>"; };
		6536DB762A8A4F4700B4E0F7 /* Book.swift */ = {isa = PBXFileReference; lastKnownFileType = sourcecode.swift; path = Book.swift; sourceTree = "<group>"; };
		6536DB782A8A50F900B4E0F7 /* Sale.swift */ = {isa = PBXFileReference; lastKnownFileType = sourcecode.swift; path = Sale.swift; sourceTree = "<group>"; };
		6536DB7A2A8A548F00B4E0F7 /* Expense.swift */ = {isa = PBXFileReference; lastKnownFileType = sourcecode.swift; path = Expense.swift; sourceTree = "<group>"; };
		6536DB7D2A8A596000B4E0F7 /* SalesViewModel.swift */ = {isa = PBXFileReference; lastKnownFileType = sourcecode.swift; path = SalesViewModel.swift; sourceTree = "<group>"; };
		6536DB842A8A60F800B4E0F7 /* DailySalesChartView.swift */ = {isa = PBXFileReference; lastKnownFileType = sourcecode.swift; path = DailySalesChartView.swift; sourceTree = "<group>"; };
		6536DB862A8A610D00B4E0F7 /* WeeklySalesChartView.swift */ = {isa = PBXFileReference; lastKnownFileType = sourcecode.swift; path = WeeklySalesChartView.swift; sourceTree = "<group>"; };
		6536DB882A8A611E00B4E0F7 /* MonthlyChartView.swift */ = {isa = PBXFileReference; lastKnownFileType = sourcecode.swift; path = MonthlyChartView.swift; sourceTree = "<group>"; };
		6536DB8A2A8A65F700B4E0F7 /* SimpleBookSalesView.swift */ = {isa = PBXFileReference; lastKnownFileType = sourcecode.swift; path = SimpleBookSalesView.swift; sourceTree = "<group>"; };
		6536DB8C2A8A6D6D00B4E0F7 /* DetailBookSalesView.swift */ = {isa = PBXFileReference; lastKnownFileType = sourcecode.swift; path = DetailBookSalesView.swift; sourceTree = "<group>"; };
		65D267E82A8A9B4F00884EC2 /* SalesByWeekDayView.swift */ = {isa = PBXFileReference; lastKnownFileType = sourcecode.swift; path = SalesByWeekDayView.swift; sourceTree = "<group>"; };
		65D267EA2A8A9B7100884EC2 /* SimpleSalesByWeekDayView.swift */ = {isa = PBXFileReference; lastKnownFileType = sourcecode.swift; path = SimpleSalesByWeekDayView.swift; sourceTree = "<group>"; };
/* End PBXFileReference section */

/* Begin PBXFrameworksBuildPhase section */
		6536DB5D2A87A91400B4E0F7 /* Frameworks */ = {
			isa = PBXFrameworksBuildPhase;
			buildActionMask = 2147483647;
			files = (
			);
			runOnlyForDeploymentPostprocessing = 0;
		};
/* End PBXFrameworksBuildPhase section */

/* Begin PBXGroup section */
		6536DB572A87A91300B4E0F7 = {
			isa = PBXGroup;
			children = (
				6536DB622A87A91400B4E0F7 /* BookStoreStrategist */,
				6536DB612A87A91400B4E0F7 /* Products */,
			);
			sourceTree = "<group>";
		};
		6536DB612A87A91400B4E0F7 /* Products */ = {
			isa = PBXGroup;
			children = (
				6536DB602A87A91400B4E0F7 /* BookStoreStrategist.app */,
			);
			name = Products;
			sourceTree = "<group>";
		};
		6536DB622A87A91400B4E0F7 /* BookStoreStrategist */ = {
			isa = PBXGroup;
			children = (
				6536DB7F2A8A607500B4E0F7 /* Views */,
				6536DB7C2A8A594A00B4E0F7 /* ViewModels */,
				6536DB712A87A92B00B4E0F7 /* Model */,
				6536DB632A87A91400B4E0F7 /* BookStoreStrategistApp.swift */,
				6536DB652A87A91400B4E0F7 /* ContentView.swift */,
				6536DB672A87A91800B4E0F7 /* Assets.xcassets */,
				6536DB692A87A91800B4E0F7 /* Preview Content */,
			);
			path = BookStoreStrategist;
			sourceTree = "<group>";
		};
		6536DB692A87A91800B4E0F7 /* Preview Content */ = {
			isa = PBXGroup;
			children = (
				6536DB6A2A87A91800B4E0F7 /* Preview Assets.xcassets */,
			);
			path = "Preview Content";
			sourceTree = "<group>";
		};
		6536DB712A87A92B00B4E0F7 /* Model */ = {
			isa = PBXGroup;
			children = (
				6536DB722A87A94000B4E0F7 /* BookCategory.swift */,
				6536DB742A87AA2200B4E0F7 /* Author.swift */,
				6536DB762A8A4F4700B4E0F7 /* Book.swift */,
				6536DB782A8A50F900B4E0F7 /* Sale.swift */,
				6536DB7A2A8A548F00B4E0F7 /* Expense.swift */,
			);
			path = Model;
			sourceTree = "<group>";
		};
		6536DB7C2A8A594A00B4E0F7 /* ViewModels */ = {
			isa = PBXGroup;
			children = (
				6536DB7D2A8A596000B4E0F7 /* SalesViewModel.swift */,
				6502ED872A8BC5260098B7DD /* ExpensesViewModel.swift */,
			);
			path = ViewModels;
			sourceTree = "<group>";
		};
		6536DB7F2A8A607500B4E0F7 /* Views */ = {
			isa = PBXGroup;
			children = (
				6536DB832A8A60B500B4E0F7 /* Expenses Stats */,
				6536DB822A8A60A600B4E0F7 /* Book Category Stats */,
				6536DB812A8A609700B4E0F7 /* Weekday Stats */,
				6536DB802A8A608600B4E0F7 /* Sales Stats */,
			);
			path = Views;
			sourceTree = "<group>";
		};
		6536DB802A8A608600B4E0F7 /* Sales Stats */ = {
			isa = PBXGroup;
			children = (
				6536DB842A8A60F800B4E0F7 /* DailySalesChartView.swift */,
				6536DB862A8A610D00B4E0F7 /* WeeklySalesChartView.swift */,
				6536DB882A8A611E00B4E0F7 /* MonthlyChartView.swift */,
				6536DB8A2A8A65F700B4E0F7 /* SimpleBookSalesView.swift */,
				6536DB8C2A8A6D6D00B4E0F7 /* DetailBookSalesView.swift */,
			);
			path = "Sales Stats";
			sourceTree = "<group>";
		};
		6536DB812A8A609700B4E0F7 /* Weekday Stats */ = {
			isa = PBXGroup;
			children = (
				65D267E82A8A9B4F00884EC2 /* SalesByWeekDayView.swift */,
				65D267EA2A8A9B7100884EC2 /* SimpleSalesByWeekDayView.swift */,
				6502ED7B2A8B90720098B7DD /* SalesByWeekdayHeaderView.swift */,
			);
			path = "Weekday Stats";
			sourceTree = "<group>";
		};
		6536DB822A8A60A600B4E0F7 /* Book Category Stats */ = {
			isa = PBXGroup;
			children = (
				6502ED7D2A8BA37E0098B7DD /* SalesPerBookCategoryPieChartView.swift */,
				6502ED7F2A8BA3A10098B7DD /* SalesPerBookCategoryBarChartView.swift */,
				6502ED812A8BA3BE0098B7DD /* SalesPerBookCategoryView.swift */,
				6502ED832A8BA3DF0098B7DD /* SimpleSalesPerBookCategoryView.swift */,
				6502ED852A8BA5E10098B7DD /* SalesPerBookCategoryHeaderView.swift */,
			);
			path = "Book Category Stats";
			sourceTree = "<group>";
		};
		6536DB832A8A60B500B4E0F7 /* Expenses Stats */ = {
			isa = PBXGroup;
			children = (
				6502ED892A8BD5D00098B7DD /* DetailExpensesView.swift */,
				6502ED8B2A8BD5EA0098B7DD /* ExpensesBarChartView.swift */,
				6502ED8D2A8BD6020098B7DD /* ExpensesDetailGridView.swift */,
				6502ED8F2A8BD6160098B7DD /* ExpensesLineChartView.swift */,
				6502ED912A8BD6310098B7DD /* SimpleExpensesLineChartView.swift */,
			);
			path = "Expenses Stats";
			sourceTree = "<group>";
		};
/* End PBXGroup section */

/* Begin PBXNativeTarget section */
		6536DB5F2A87A91400B4E0F7 /* BookStoreStrategist */ = {
			isa = PBXNativeTarget;
			buildConfigurationList = 6536DB6E2A87A91800B4E0F7 /* Build configuration list for PBXNativeTarget "BookStoreStrategist" */;
			buildPhases = (
				6536DB5C2A87A91400B4E0F7 /* Sources */,
				6536DB5D2A87A91400B4E0F7 /* Frameworks */,
				6536DB5E2A87A91400B4E0F7 /* Resources */,
			);
			buildRules = (
			);
			dependencies = (
			);
			name = BookStoreStrategist;
			productName = BookStoreStrategist;
			productReference = 6536DB602A87A91400B4E0F7 /* BookStoreStrategist.app */;
			productType = "com.apple.product-type.application";
		};
/* End PBXNativeTarget section */

/* Begin PBXProject section */
		6536DB582A87A91300B4E0F7 /* Project object */ = {
			isa = PBXProject;
			attributes = {
				BuildIndependentTargetsInParallel = 1;
				LastSwiftUpdateCheck = 1500;
				LastUpgradeCheck = 1500;
				TargetAttributes = {
					6536DB5F2A87A91400B4E0F7 = {
						CreatedOnToolsVersion = 15.0;
					};
				};
			};
			buildConfigurationList = 6536DB5B2A87A91300B4E0F7 /* Build configuration list for PBXProject "BookStoreStrategist" */;
			compatibilityVersion = "Xcode 14.0";
			developmentRegion = en;
			hasScannedForEncodings = 0;
			knownRegions = (
				en,
				Base,
			);
			mainGroup = 6536DB572A87A91300B4E0F7;
			productRefGroup = 6536DB612A87A91400B4E0F7 /* Products */;
			projectDirPath = "";
			projectRoot = "";
			targets = (
				6536DB5F2A87A91400B4E0F7 /* BookStoreStrategist */,
			);
		};
/* End PBXProject section */

/* Begin PBXResourcesBuildPhase section */
		6536DB5E2A87A91400B4E0F7 /* Resources */ = {
			isa = PBXResourcesBuildPhase;
			buildActionMask = 2147483647;
			files = (
				6536DB6B2A87A91800B4E0F7 /* Preview Assets.xcassets in Resources */,
				6536DB682A87A91800B4E0F7 /* Assets.xcassets in Resources */,
			);
			runOnlyForDeploymentPostprocessing = 0;
		};
/* End PBXResourcesBuildPhase section */

/* Begin PBXSourcesBuildPhase section */
		6536DB5C2A87A91400B4E0F7 /* Sources */ = {
			isa = PBXSourcesBuildPhase;
			buildActionMask = 2147483647;
			files = (
				6536DB7B2A8A548F00B4E0F7 /* Expense.swift in Sources */,
				6502ED882A8BC5260098B7DD /* ExpensesViewModel.swift in Sources */,
				6502ED862A8BA5E10098B7DD /* SalesPerBookCategoryHeaderView.swift in Sources */,
				6536DB8D2A8A6D6D00B4E0F7 /* DetailBookSalesView.swift in Sources */,
				6536DB732A87A94000B4E0F7 /* BookCategory.swift in Sources */,
				6536DB852A8A60F800B4E0F7 /* DailySalesChartView.swift in Sources */,
				6536DB662A87A91400B4E0F7 /* ContentView.swift in Sources */,
				6502ED802A8BA3A10098B7DD /* SalesPerBookCategoryBarChartView.swift in Sources */,
				6502ED7E2A8BA37E0098B7DD /* SalesPerBookCategoryPieChartView.swift in Sources */,
				6502ED822A8BA3BE0098B7DD /* SalesPerBookCategoryView.swift in Sources */,
				6502ED8E2A8BD6020098B7DD /* ExpensesDetailGridView.swift in Sources */,
				65D267E92A8A9B4F00884EC2 /* SalesByWeekDayView.swift in Sources */,
				6536DB8B2A8A65F700B4E0F7 /* SimpleBookSalesView.swift in Sources */,
				6536DB7E2A8A596000B4E0F7 /* SalesViewModel.swift in Sources */,
				6502ED922A8BD6310098B7DD /* SimpleExpensesLineChartView.swift in Sources */,
				6536DB752A87AA2200B4E0F7 /* Author.swift in Sources */,
				6502ED842A8BA3DF0098B7DD /* SimpleSalesPerBookCategoryView.swift in Sources */,
				6536DB872A8A610D00B4E0F7 /* WeeklySalesChartView.swift in Sources */,
				6502ED8A2A8BD5D00098B7DD /* DetailExpensesView.swift in Sources */,
				6502ED7C2A8B90720098B7DD /* SalesByWeekdayHeaderView.swift in Sources */,
				6502ED8C2A8BD5EA0098B7DD /* ExpensesBarChartView.swift in Sources */,
				6502ED902A8BD6160098B7DD /* ExpensesLineChartView.swift in Sources */,
				65D267EB2A8A9B7100884EC2 /* SimpleSalesByWeekDayView.swift in Sources */,
				6536DB772A8A4F4700B4E0F7 /* Book.swift in Sources */,
				6536DB792A8A50F900B4E0F7 /* Sale.swift in Sources */,
				6536DB892A8A611E00B4E0F7 /* MonthlyChartView.swift in Sources */,
				6536DB642A87A91400B4E0F7 /* BookStoreStrategistApp.swift in Sources */,
			);
			runOnlyForDeploymentPostprocessing = 0;
		};
/* End PBXSourcesBuildPhase section */

/* Begin XCBuildConfiguration section */
		6536DB6C2A87A91800B4E0F7 /* Debug */ = {
			isa = XCBuildConfiguration;
			buildSettings = {
				ALWAYS_SEARCH_USER_PATHS = NO;
				ASSETCATALOG_COMPILER_GENERATE_SWIFT_ASSET_SYMBOL_EXTENSIONS = YES;
				CLANG_ANALYZER_NONNULL = YES;
				CLANG_ANALYZER_NUMBER_OBJECT_CONVERSION = YES_AGGRESSIVE;
				CLANG_CXX_LANGUAGE_STANDARD = "gnu++20";
				CLANG_ENABLE_MODULES = YES;
				CLANG_ENABLE_OBJC_ARC = YES;
				CLANG_ENABLE_OBJC_WEAK = YES;
				CLANG_WARN_BLOCK_CAPTURE_AUTORELEASING = YES;
				CLANG_WARN_BOOL_CONVERSION = YES;
				CLANG_WARN_COMMA = YES;
				CLANG_WARN_CONSTANT_CONVERSION = YES;
				CLANG_WARN_DEPRECATED_OBJC_IMPLEMENTATIONS = YES;
				CLANG_WARN_DIRECT_OBJC_ISA_USAGE = YES_ERROR;
				CLANG_WARN_DOCUMENTATION_COMMENTS = YES;
				CLANG_WARN_EMPTY_BODY = YES;
				CLANG_WARN_ENUM_CONVERSION = YES;
				CLANG_WARN_INFINITE_RECURSION = YES;
				CLANG_WARN_INT_CONVERSION = YES;
				CLANG_WARN_NON_LITERAL_NULL_CONVERSION = YES;
				CLANG_WARN_OBJC_IMPLICIT_RETAIN_SELF = YES;
				CLANG_WARN_OBJC_LITERAL_CONVERSION = YES;
				CLANG_WARN_OBJC_ROOT_CLASS = YES_ERROR;
				CLANG_WARN_QUOTED_INCLUDE_IN_FRAMEWORK_HEADER = YES;
				CLANG_WARN_RANGE_LOOP_ANALYSIS = YES;
				CLANG_WARN_STRICT_PROTOTYPES = YES;
				CLANG_WARN_SUSPICIOUS_MOVE = YES;
				CLANG_WARN_UNGUARDED_AVAILABILITY = YES_AGGRESSIVE;
				CLANG_WARN_UNREACHABLE_CODE = YES;
				CLANG_WARN__DUPLICATE_METHOD_MATCH = YES;
				COPY_PHASE_STRIP = NO;
				DEBUG_INFORMATION_FORMAT = dwarf;
				ENABLE_STRICT_OBJC_MSGSEND = YES;
				ENABLE_TESTABILITY = YES;
				ENABLE_USER_SCRIPT_SANDBOXING = YES;
				GCC_C_LANGUAGE_STANDARD = gnu17;
				GCC_DYNAMIC_NO_PIC = NO;
				GCC_NO_COMMON_BLOCKS = YES;
				GCC_OPTIMIZATION_LEVEL = 0;
				GCC_PREPROCESSOR_DEFINITIONS = (
					"DEBUG=1",
					"$(inherited)",
				);
				GCC_WARN_64_TO_32_BIT_CONVERSION = YES;
				GCC_WARN_ABOUT_RETURN_TYPE = YES_ERROR;
				GCC_WARN_UNDECLARED_SELECTOR = YES;
				GCC_WARN_UNINITIALIZED_AUTOS = YES_AGGRESSIVE;
				GCC_WARN_UNUSED_FUNCTION = YES;
				GCC_WARN_UNUSED_VARIABLE = YES;
				IPHONEOS_DEPLOYMENT_TARGET = 17.0;
				LOCALIZATION_PREFERS_STRING_CATALOGS = YES;
				MTL_ENABLE_DEBUG_INFO = INCLUDE_SOURCE;
				MTL_FAST_MATH = YES;
				ONLY_ACTIVE_ARCH = YES;
				SDKROOT = iphoneos;
				SWIFT_ACTIVE_COMPILATION_CONDITIONS = "DEBUG $(inherited)";
				SWIFT_OPTIMIZATION_LEVEL = "-Onone";
			};
			name = Debug;
		};
		6536DB6D2A87A91800B4E0F7 /* Release */ = {
			isa = XCBuildConfiguration;
			buildSettings = {
				ALWAYS_SEARCH_USER_PATHS = NO;
				ASSETCATALOG_COMPILER_GENERATE_SWIFT_ASSET_SYMBOL_EXTENSIONS = YES;
				CLANG_ANALYZER_NONNULL = YES;
				CLANG_ANALYZER_NUMBER_OBJECT_CONVERSION = YES_AGGRESSIVE;
				CLANG_CXX_LANGUAGE_STANDARD = "gnu++20";
				CLANG_ENABLE_MODULES = YES;
				CLANG_ENABLE_OBJC_ARC = YES;
				CLANG_ENABLE_OBJC_WEAK = YES;
				CLANG_WARN_BLOCK_CAPTURE_AUTORELEASING = YES;
				CLANG_WARN_BOOL_CONVERSION = YES;
				CLANG_WARN_COMMA = YES;
				CLANG_WARN_CONSTANT_CONVERSION = YES;
				CLANG_WARN_DEPRECATED_OBJC_IMPLEMENTATIONS = YES;
				CLANG_WARN_DIRECT_OBJC_ISA_USAGE = YES_ERROR;
				CLANG_WARN_DOCUMENTATION_COMMENTS = YES;
				CLANG_WARN_EMPTY_BODY = YES;
				CLANG_WARN_ENUM_CONVERSION = YES;
				CLANG_WARN_INFINITE_RECURSION = YES;
				CLANG_WARN_INT_CONVERSION = YES;
				CLANG_WARN_NON_LITERAL_NULL_CONVERSION = YES;
				CLANG_WARN_OBJC_IMPLICIT_RETAIN_SELF = YES;
				CLANG_WARN_OBJC_LITERAL_CONVERSION = YES;
				CLANG_WARN_OBJC_ROOT_CLASS = YES_ERROR;
				CLANG_WARN_QUOTED_INCLUDE_IN_FRAMEWORK_HEADER = YES;
				CLANG_WARN_RANGE_LOOP_ANALYSIS = YES;
				CLANG_WARN_STRICT_PROTOTYPES = YES;
				CLANG_WARN_SUSPICIOUS_MOVE = YES;
				CLANG_WARN_UNGUARDED_AVAILABILITY = YES_AGGRESSIVE;
				CLANG_WARN_UNREACHABLE_CODE = YES;
				CLANG_WARN__DUPLICATE_METHOD_MATCH = YES;
				COPY_PHASE_STRIP = NO;
				DEBUG_INFORMATION_FORMAT = "dwarf-with-dsym";
				ENABLE_NS_ASSERTIONS = NO;
				ENABLE_STRICT_OBJC_MSGSEND = YES;
				ENABLE_USER_SCRIPT_SANDBOXING = YES;
				GCC_C_LANGUAGE_STANDARD = gnu17;
				GCC_NO_COMMON_BLOCKS = YES;
				GCC_WARN_64_TO_32_BIT_CONVERSION = YES;
				GCC_WARN_ABOUT_RETURN_TYPE = YES_ERROR;
				GCC_WARN_UNDECLARED_SELECTOR = YES;
				GCC_WARN_UNINITIALIZED_AUTOS = YES_AGGRESSIVE;
				GCC_WARN_UNUSED_FUNCTION = YES;
				GCC_WARN_UNUSED_VARIABLE = YES;
				IPHONEOS_DEPLOYMENT_TARGET = 17.0;
				LOCALIZATION_PREFERS_STRING_CATALOGS = YES;
				MTL_ENABLE_DEBUG_INFO = NO;
				MTL_FAST_MATH = YES;
				SDKROOT = iphoneos;
				SWIFT_COMPILATION_MODE = wholemodule;
				VALIDATE_PRODUCT = YES;
			};
			name = Release;
		};
		6536DB6F2A87A91800B4E0F7 /* Debug */ = {
			isa = XCBuildConfiguration;
			buildSettings = {
				ASSETCATALOG_COMPILER_APPICON_NAME = AppIcon;
				ASSETCATALOG_COMPILER_GLOBAL_ACCENT_COLOR_NAME = AccentColor;
				CODE_SIGN_STYLE = Automatic;
				CURRENT_PROJECT_VERSION = 1;
				DEVELOPMENT_ASSET_PATHS = "\"BookStoreStrategist/Preview Content\"";
				DEVELOPMENT_TEAM = CPP9KV3QC8;
				ENABLE_PREVIEWS = YES;
				GENERATE_INFOPLIST_FILE = YES;
				INFOPLIST_KEY_UIApplicationSceneManifest_Generation = YES;
				INFOPLIST_KEY_UIApplicationSupportsIndirectInputEvents = YES;
				INFOPLIST_KEY_UILaunchScreen_Generation = YES;
				INFOPLIST_KEY_UISupportedInterfaceOrientations_iPad = "UIInterfaceOrientationPortrait UIInterfaceOrientationPortraitUpsideDown UIInterfaceOrientationLandscapeLeft UIInterfaceOrientationLandscapeRight";
				INFOPLIST_KEY_UISupportedInterfaceOrientations_iPhone = "UIInterfaceOrientationPortrait UIInterfaceOrientationLandscapeLeft UIInterfaceOrientationLandscapeRight";
				LD_RUNPATH_SEARCH_PATHS = (
					"$(inherited)",
					"@executable_path/Frameworks",
				);
				MARKETING_VERSION = 1.0;
				PRODUCT_BUNDLE_IDENTIFIER = VC.BookStoreStrategist;
				PRODUCT_NAME = "$(TARGET_NAME)";
				SWIFT_EMIT_LOC_STRINGS = YES;
				SWIFT_VERSION = 5.0;
				TARGETED_DEVICE_FAMILY = "1,2";
			};
			name = Debug;
		};
		6536DB702A87A91800B4E0F7 /* Release */ = {
			isa = XCBuildConfiguration;
			buildSettings = {
				ASSETCATALOG_COMPILER_APPICON_NAME = AppIcon;
				ASSETCATALOG_COMPILER_GLOBAL_ACCENT_COLOR_NAME = AccentColor;
				CODE_SIGN_STYLE = Automatic;
				CURRENT_PROJECT_VERSION = 1;
				DEVELOPMENT_ASSET_PATHS = "\"BookStoreStrategist/Preview Content\"";
				DEVELOPMENT_TEAM = CPP9KV3QC8;
				ENABLE_PREVIEWS = YES;
				GENERATE_INFOPLIST_FILE = YES;
				INFOPLIST_KEY_UIApplicationSceneManifest_Generation = YES;
				INFOPLIST_KEY_UIApplicationSupportsIndirectInputEvents = YES;
				INFOPLIST_KEY_UILaunchScreen_Generation = YES;
				INFOPLIST_KEY_UISupportedInterfaceOrientations_iPad = "UIInterfaceOrientationPortrait UIInterfaceOrientationPortraitUpsideDown UIInterfaceOrientationLandscapeLeft UIInterfaceOrientationLandscapeRight";
				INFOPLIST_KEY_UISupportedInterfaceOrientations_iPhone = "UIInterfaceOrientationPortrait UIInterfaceOrientationLandscapeLeft UIInterfaceOrientationLandscapeRight";
				LD_RUNPATH_SEARCH_PATHS = (
					"$(inherited)",
					"@executable_path/Frameworks",
				);
				MARKETING_VERSION = 1.0;
				PRODUCT_BUNDLE_IDENTIFIER = VC.BookStoreStrategist;
				PRODUCT_NAME = "$(TARGET_NAME)";
				SWIFT_EMIT_LOC_STRINGS = YES;
				SWIFT_VERSION = 5.0;
				TARGETED_DEVICE_FAMILY = "1,2";
			};
			name = Release;
		};
/* End XCBuildConfiguration section */

/* Begin XCConfigurationList section */
		6536DB5B2A87A91300B4E0F7 /* Build configuration list for PBXProject "BookStoreStrategist" */ = {
			isa = XCConfigurationList;
			buildConfigurations = (
				6536DB6C2A87A91800B4E0F7 /* Debug */,
				6536DB6D2A87A91800B4E0F7 /* Release */,
			);
			defaultConfigurationIsVisible = 0;
			defaultConfigurationName = Release;
		};
		6536DB6E2A87A91800B4E0F7 /* Build configuration list for PBXNativeTarget "BookStoreStrategist" */ = {
			isa = XCConfigurationList;
			buildConfigurations = (
				6536DB6F2A87A91800B4E0F7 /* Debug */,
				6536DB702A87A91800B4E0F7 /* Release */,
			);
			defaultConfigurationIsVisible = 0;
			defaultConfigurationName = Release;
		};
/* End XCConfigurationList section */
	};
	rootObject = 6536DB582A87A91300B4E0F7 /* Project object */;
}
